
Microsoft Visual Studio Solution File, Format Version 12.00
# Visual Studio Version 18
VisualStudioVersion = 18.4.11620.152 stable
MinimumVisualStudioVersion = 10.0.40219.1
Project("{FAE04EC0-301F-11D3-BF4B-00C04F79EFBC}") = "ModsCommon", "ModsCommon.csproj", "{1B2BE961-576C-40A1-A36B-2ABB6CA97C76}"
EndProject
Global
	GlobalSection(SolutionConfigurationPlatforms) = preSolution
		Debug|Any CPU = Debug|Any CPU
		I18N|Any CPU = I18N|Any CPU
		Release|Any CPU = Release|Any CPU
	EndGlobalSection
	GlobalSection(ProjectConfigurationPlatforms) = postSolution
		{1B2BE961-576C-40A1-A36B-2ABB6CA97C76}.Debug|Any CPU.ActiveCfg = Debug|Any CPU
		{1B2BE961-576C-40A1-A36B-2ABB6CA97C76}.Debug|Any CPU.Build.0 = Debug|Any CPU
		{1B2BE961-576C-40A1-A36B-2ABB6CA97C76}.I18N|Any CPU.ActiveCfg = I18N|Any CPU
		{1B2BE961-576C-40A1-A36B-2ABB6CA97C76}.I18N|Any CPU.Build.0 = I18N|Any CPU
		{1B2BE961-576C-40A1-A36B-2ABB6CA97C76}.Release|Any CPU.ActiveCfg = Release|Any CPU
		{1B2BE961-576C-40A1-A36B-2ABB6CA97C76}.Release|Any CPU.Build.0 = Release|Any CPU
	EndGlobalSection
	GlobalSection(SolutionProperties) = preSolution
		HideSolutionNode = FALSE
	EndGlobalSection
	GlobalSection(ExtensibilityGlobals) = postSolution
		SolutionGuid = {1014B54D-34C1-4DE6-ACEF-53EFF386C660}
	EndGlobalSection
EndGlobal
